
Microsoft Visual Studio Solution File, Format Version 12.00
# Visual Studio Version 17
VisualStudioVersion = 17.13.35931.197 d17.13
MinimumVisualStudioVersion = 10.0.40219.1
Project("{FAE04EC0-301F-11D3-BF4B-00C04F79EFBC}") = "Cookiestesting", "Cookiestesting.csproj", "{B7A67A6D-65D2-4C3D-9D2D-121C04B5D0DD}"
EndProject
Global
	GlobalSection(SolutionConfigurationPlatforms) = preSolution
		Debug|Any CPU = Debug|Any CPU
		Release|Any CPU = Release|Any CPU
	EndGlobalSection
	GlobalSection(ProjectConfigurationPlatforms) = postSolution
		{B7A67A6D-65D2-4C3D-9D2D-121C04B5D0DD}.Debug|Any CPU.ActiveCfg = Debug|Any CPU
		{B7A67A6D-65D2-4C3D-9D2D-121C04B5D0DD}.Debug|Any CPU.Build.0 = Debug|Any CPU
		{B7A67A6D-65D2-4C3D-9D2D-121C04B5D0DD}.Release|Any CPU.ActiveCfg = Release|Any CPU
		{B7A67A6D-65D2-4C3D-9D2D-121C04B5D0DD}.Release|Any CPU.Build.0 = Release|Any CPU
	EndGlobalSection
	GlobalSection(SolutionProperties) = preSolution
		HideSolutionNode = FALSE
	EndGlobalSection
	GlobalSection(ExtensibilityGlobals) = postSolution
		SolutionGuid = {B99C9A76-51AB-4A92-A1C7-7573DA11D379}
	EndGlobalSection
EndGlobal
